<Solution>
  <Folder Name="/aspire/">
    <Project Path="aspire/AppHost/AppHost.csproj" />
    <Project Path="aspire/ServiceDefaults/ServiceDefaults.csproj" />
  </Folder>
  <Folder Name="/SolutionItems/">
    <File Path=".editorconfig" />
    <File Path=".gitattributes" />
    <File Path=".gitignore" />
    <File Path="readme.md" />
    <File Path="Directory.Packages.props" />
  </Folder>
</Solution>